
Microsoft Visual Studio Solution File, Format Version 12.00
# Visual Studio Version 17
VisualStudioVersion = 17.11.35222.181
MinimumVisualStudioVersion = 10.0.40219.1
Project("{9A19103F-16F7-4668-BE54-9A1E7A4F7556}") = "Fibonacci", "Fibonacci\Fibonacci.csproj", "{7CE5DAD0-4374-4084-BAEA-4F842ABB5D1D}"
EndProject
Project("{FAE04EC0-301F-11D3-BF4B-00C04F79EFBC}") = "Soma", "Soma\Soma.csproj", "{8340BAE1-060C-4531-B68F-2B85F74B73A3}"
EndProject
Project("{FAE04EC0-301F-11D3-BF4B-00C04F79EFBC}") = "BuscarLetraA", "BuscarLetraA\BuscarLetraA.csproj", "{B66C6126-80BD-40C1-B654-10AC4BBB89F3}"
EndProject
Global
	GlobalSection(SolutionConfigurationPlatforms) = preSolution
		Debug|Any CPU = Debug|Any CPU
		Release|Any CPU = Release|Any CPU
	EndGlobalSection
	GlobalSection(ProjectConfigurationPlatforms) = postSolution
		{7CE5DAD0-4374-4084-BAEA-4F842ABB5D1D}.Debug|Any CPU.ActiveCfg = Debug|Any CPU
		{7CE5DAD0-4374-4084-BAEA-4F842ABB5D1D}.Debug|Any CPU.Build.0 = Debug|Any CPU
		{7CE5DAD0-4374-4084-BAEA-4F842ABB5D1D}.Release|Any CPU.ActiveCfg = Release|Any CPU
		{7CE5DAD0-4374-4084-BAEA-4F842ABB5D1D}.Release|Any CPU.Build.0 = Release|Any CPU
		{8340BAE1-060C-4531-B68F-2B85F74B73A3}.Debug|Any CPU.ActiveCfg = Debug|Any CPU
		{8340BAE1-060C-4531-B68F-2B85F74B73A3}.Debug|Any CPU.Build.0 = Debug|Any CPU
		{8340BAE1-060C-4531-B68F-2B85F74B73A3}.Release|Any CPU.ActiveCfg = Release|Any CPU
		{8340BAE1-060C-4531-B68F-2B85F74B73A3}.Release|Any CPU.Build.0 = Release|Any CPU
		{B66C6126-80BD-40C1-B654-10AC4BBB89F3}.Debug|Any CPU.ActiveCfg = Debug|Any CPU
		{B66C6126-80BD-40C1-B654-10AC4BBB89F3}.Debug|Any CPU.Build.0 = Debug|Any CPU
		{B66C6126-80BD-40C1-B654-10AC4BBB89F3}.Release|Any CPU.ActiveCfg = Release|Any CPU
		{B66C6126-80BD-40C1-B654-10AC4BBB89F3}.Release|Any CPU.Build.0 = Release|Any CPU
	EndGlobalSection
	GlobalSection(SolutionProperties) = preSolution
		HideSolutionNode = FALSE
	EndGlobalSection
	GlobalSection(ExtensibilityGlobals) = postSolution
		SolutionGuid = {87A2A2C9-9839-4471-A027-59F90D0E68F6}
	EndGlobalSection
EndGlobal
